<?xml version="1.0" encoding="utf-8"?>
<Project ToolsVersion="4.0" xmlns="http://schemas.microsoft.com/developer/msbuild/2003">
  <ItemGroup>
    <Filter Include="Исходные файлы">
      <UniqueIdentifier>{4FC737F1-C7A5-4376-A066-2A32D752A2FF}</UniqueIdentifier>
      <Extensions>cpp;c;cc;cxx;c++;cppm;ixx;def;odl;idl;hpj;bat;asm;asmx</Extensions>
    </Filter>
    <Filter Include="Файлы заголовков">
      <UniqueIdentifier>{93995380-89BD-4b04-88EB-625FBE52EBFB}</UniqueIdentifier>
      <Extensions>h;hh;hpp;hxx;h++;hm;inl;inc;ipp;xsd</Extensions>
    </Filter>
    <Filter Include="Файлы ресурсов">
      <UniqueIdentifier>{67DA6AB6-F800-4c08-8B7A-83BB121AAD01}</UniqueIdentifier>
      <Extensions>rc;ico;cur;bmp;dlg;rc2;rct;bin;rgs;gif;jpg;jpeg;jpe;resx;tiff;tif;png;wav;mfcribbon-ms</Extensions>
    </Filter>
    <Filter Include="Файлы заголовков\Logger">
      <UniqueIdentifier>{1a60fc41-3d02-4d95-a1d5-47d5e6917f10}</UniqueIdentifier>
    </Filter>
    <Filter Include="Исходные файлы\Logger">
      <UniqueIdentifier>{43707e67-c557-46f1-9fca-1ae0b1bca829}</UniqueIdentifier>
    </Filter>
    <Filter Include="Исходные файлы\Physic">
      <UniqueIdentifier>{d5296ac0-9ffc-4032-9e30-9e6ef29f07c1}</UniqueIdentifier>
    </Filter>
    <Filter Include="Исходные файлы\Graphic">
      <UniqueIdentifier>{23a8c5a8-c25b-416e-9f2f-65190e029c6e}</UniqueIdentifier>
    </Filter>
    <Filter Include="Исходные файлы\UI">
      <UniqueIdentifier>{d4bba544-e692-4104-a693-8785ff4752fd}</UniqueIdentifier>
    </Filter>
    <Filter Include="Файлы заголовков\Physic">
      <UniqueIdentifier>{f87b6250-ad36-4ea1-a937-b82e1537c78d}</UniqueIdentifier>
    </Filter>
    <Filter Include="Файлы заголовков\Graphic">
      <UniqueIdentifier>{440c3466-81e3-471d-9b4d-fd7f579094f2}</UniqueIdentifier>
    </Filter>
    <Filter Include="Файлы заголовков\UI">
      <UniqueIdentifier>{281a3cd2-ec9d-49da-9dff-f3996c046cda}</UniqueIdentifier>
    </Filter>
  </ItemGroup>
  <ItemGroup>
    <ClCompile Include="main.cpp">
      <Filter>Исходные файлы</Filter>
    </ClCompile>
    <ClCompile Include="logger.cpp">
      <Filter>Исходные файлы\Logger</Filter>
    </ClCompile>
    <ClCompile Include="ParameterizeBody.h">
      <Filter>Файлы заголовков\Physic</Filter>
    </ClCompile>
    <ClCompile Include="ParameterizeBody.cpp">
      <Filter>Исходные файлы\Physic</Filter>
    </ClCompile>
    <ClCompile Include="Force.cpp">
      <Filter>Исходные файлы</Filter>
    </ClCompile>
  </ItemGroup>
  <ItemGroup>
    <ClInclude Include="logger.h">
      <Filter>Файлы заголовков\Logger</Filter>
    </ClInclude>
    <ClInclude Include="Force.h">
      <Filter>Файлы заголовков\Physic</Filter>
    </ClInclude>
    <ClInclude Include="BodyForce.h">
      <Filter>Файлы заголовков\Physic</Filter>
    </ClInclude>
    <ClInclude Include="Collector.h">
      <Filter>Файлы заголовков\Physic</Filter>
    </ClInclude>
  </ItemGroup>
</Project>